
Microsoft Visual Studio Solution File, Format Version 12.00
# Visual Studio Version 17
VisualStudioVersion = 17.6.33829.357
MinimumVisualStudioVersion = 10.0.40219.1
Project("{FAE04EC0-301F-11D3-BF4B-00C04F79EFBC}") = "Test_B1_Task2", "Test_B1_Task2\Test_B1_Task2.csproj", "{470C7B04-F4BF-45DA-9F8E-A9F6CE5E3AE3}"
EndProject
Global
	GlobalSection(SolutionConfigurationPlatforms) = preSolution
		Debug|Any CPU = Debug|Any CPU
		Release|Any CPU = Release|Any CPU
	EndGlobalSection
	GlobalSection(ProjectConfigurationPlatforms) = postSolution
		{470C7B04-F4BF-45DA-9F8E-A9F6CE5E3AE3}.Debug|Any CPU.ActiveCfg = Debug|Any CPU
		{470C7B04-F4BF-45DA-9F8E-A9F6CE5E3AE3}.Debug|Any CPU.Build.0 = Debug|Any CPU
		{470C7B04-F4BF-45DA-9F8E-A9F6CE5E3AE3}.Release|Any CPU.ActiveCfg = Release|Any CPU
		{470C7B04-F4BF-45DA-9F8E-A9F6CE5E3AE3}.Release|Any CPU.Build.0 = Release|Any CPU
	EndGlobalSection
	GlobalSection(SolutionProperties) = preSolution
		HideSolutionNode = FALSE
	EndGlobalSection
	GlobalSection(ExtensibilityGlobals) = postSolution
		SolutionGuid = {220DB067-2532-408A-B328-8434800F01BE}
	EndGlobalSection
EndGlobal
